// !$*UTF8*$!
{
	archiveVersion = 1;
	classes = {
	};
	objectVersion = 46;
	objects = {

/* Begin PBXBuildFile section */
		BCC1D35E1DDEA51E00567EB1 /* main.m in Sources */ = {isa = PBXBuildFile; fileRef = BCC1D35D1DDEA51E00567EB1 /* main.m */; };
		BCC1D3611DDEA51E00567EB1 /* AppDelegate.m in Sources */ = {isa = PBXBuildFile; fileRef = BCC1D3601DDEA51E00567EB1 /* AppDelegate.m */; };
		BCC1D3641DDEA51E00567EB1 /* ViewController.m in Sources */ = {isa = PBXBuildFile; fileRef = BCC1D3631DDEA51E00567EB1 /* ViewController.m */; };
		BCC1D3671DDEA51E00567EB1 /* Main.storyboard in Resources */ = {isa = PBXBuildFile; fileRef = BCC1D3651DDEA51E00567EB1 /* Main.storyboard */; };
		BCC1D3691DDEA51E00567EB1 /* Assets.xcassets in Resources */ = {isa = PBXBuildFile; fileRef = BCC1D3681DDEA51E00567EB1 /* Assets.xcassets */; };
		BCC1D36C1DDEA51E00567EB1 /* LaunchScreen.storyboard in Resources */ = {isa = PBXBuildFile; fileRef = BCC1D36A1DDEA51E00567EB1 /* LaunchScreen.storyboard */; };
		BCC1D3771DDEA51E00567EB1 /* ________Tests.m in Sources */ = {isa = PBXBuildFile; fileRef = BCC1D3761DDEA51E00567EB1 /* ________Tests.m */; };
		BCC1D3821DDEA51E00567EB1 /* ________UITests.m in Sources */ = {isa = PBXBuildFile; fileRef = BCC1D3811DDEA51E00567EB1 /* ________UITests.m */; };
		BCC1D39B1DDEA69C00567EB1 /* MYFilmFlowLayout.m in Sources */ = {isa = PBXBuildFile; fileRef = BCC1D3991DDEA69C00567EB1 /* MYFilmFlowLayout.m */; };
		BCC1D39E1DDEA8AA00567EB1 /* MYFileCollectionCell.m in Sources */ = {isa = PBXBuildFile; fileRef = BCC1D39D1DDEA8AA00567EB1 /* MYFileCollectionCell.m */; };
		BCC1D3A01DDEA98F00567EB1 /* MYFileCollectionCell.xib in Resources */ = {isa = PBXBuildFile; fileRef = BCC1D39F1DDEA98F00567EB1 /* MYFileCollectionCell.xib */; };
		BCC1D3A91DE2C67E00567EB1 /* MYFileCollectionView.m in Sources */ = {isa = PBXBuildFile; fileRef = BCC1D3A81DE2C67E00567EB1 /* MYFileCollectionView.m */; };
/* End PBXBuildFile section */

/* Begin PBXContainerItemProxy section */
		BCC1D3731DDEA51E00567EB1 /* PBXContainerItemProxy */ = {
			isa = PBXContainerItemProxy;
			containerPortal = BCC1D3511DDEA51E00567EB1 /* Project object */;
			proxyType = 1;
			remoteGlobalIDString = BCC1D3581DDEA51E00567EB1;
			remoteInfo = "影票旋转木马框架";
		};
		BCC1D37E1DDEA51E00567EB1 /* PBXContainerItemProxy */ = {
			isa = PBXContainerItemProxy;
			containerPortal = BCC1D3511DDEA51E00567EB1 /* Project object */;
			proxyType = 1;
			remoteGlobalIDString = BCC1D3581DDEA51E00567EB1;
			remoteInfo = "影票旋转木马框架";
		};
/* End PBXContainerItemProxy section */

/* Begin PBXFileReference section */
		BCC1D3591DDEA51E00567EB1 /* 影票旋转木马框架.app */ = {isa = PBXFileReference; explicitFileType = wrapper.application; includeInIndex = 0; path = "影票旋转木马框架.app"; sourceTree = BUILT_PRODUCTS_DIR; };
		BCC1D35D1DDEA51E00567EB1 /* main.m */ = {isa = PBXFileReference; lastKnownFileType = sourcecode.c.objc; path = main.m; sourceTree = "<group>"; };
		BCC1D35F1DDEA51E00567EB1 /* AppDelegate.h */ = {isa = PBXFileReference; lastKnownFileType = sourcecode.c.h; path = AppDelegate.h; sourceTree = "<group>"; };
		BCC1D3601DDEA51E00567EB1 /* AppDelegate.m */ = {isa = PBXFileReference; lastKnownFileType = sourcecode.c.objc; path = AppDelegate.m; sourceTree = "<group>"; };
		BCC1D3621DDEA51E00567EB1 /* ViewController.h */ = {isa = PBXFileReference; lastKnownFileType = sourcecode.c.h; path = ViewController.h; sourceTree = "<group>"; };
		BCC1D3631DDEA51E00567EB1 /* ViewController.m */ = {isa = PBXFileReference; lastKnownFileType = sourcecode.c.objc; path = ViewController.m; sourceTree = "<group>"; };
		BCC1D3661DDEA51E00567EB1 /* Base */ = {isa = PBXFileReference; lastKnownFileType = file.storyboard; name = Base; path = Base.lproj/Main.storyboard; sourceTree = "<group>"; };
		BCC1D3681DDEA51E00567EB1 /* Assets.xcassets */ = {isa = PBXFileReference; lastKnownFileType = folder.assetcatalog; path = Assets.xcassets; sourceTree = "<group>"; };
		BCC1D36B1DDEA51E00567EB1 /* Base */ = {isa = PBXFileReference; lastKnownFileType = file.storyboard; name = Base; path = Base.lproj/LaunchScreen.storyboard; sourceTree = "<group>"; };
		BCC1D36D1DDEA51E00567EB1 /* Info.plist */ = {isa = PBXFileReference; lastKnownFileType = text.plist.xml; path = Info.plist; sourceTree = "<group>"; };
		BCC1D3721DDEA51E00567EB1 /* 影票旋转木马框架Tests.xctest */ = {isa = PBXFileReference; explicitFileType = wrapper.cfbundle; includeInIndex = 0; path = "影票旋转木马框架Tests.xctest"; sourceTree = BUILT_PRODUCTS_DIR; };
		BCC1D3761DDEA51E00567EB1 /* ________Tests.m */ = {isa = PBXFileReference; lastKnownFileType = sourcecode.c.objc; path = "________Tests.m"; sourceTree = "<group>"; };
		BCC1D3781DDEA51E00567EB1 /* Info.plist */ = {isa = PBXFileReference; lastKnownFileType = text.plist.xml; path = Info.plist; sourceTree = "<group>"; };
		BCC1D37D1DDEA51E00567EB1 /* 影票旋转木马框架UITests.xctest */ = {isa = PBXFileReference; explicitFileType = wrapper.cfbundle; includeInIndex = 0; path = "影票旋转木马框架UITests.xctest"; sourceTree = BUILT_PRODUCTS_DIR; };
		BCC1D3811DDEA51E00567EB1 /* ________UITests.m */ = {isa = PBXFileReference; lastKnownFileType = sourcecode.c.objc; path = "________UITests.m"; sourceTree = "<group>"; };
		BCC1D3831DDEA51E00567EB1 /* Info.plist */ = {isa = PBXFileReference; lastKnownFileType = text.plist.xml; path = Info.plist; sourceTree = "<group>"; };
		BCC1D3981DDEA69C00567EB1 /* MYFilmFlowLayout.h */ = {isa = PBXFileReference; fileEncoding = 4; lastKnownFileType = sourcecode.c.h; path = MYFilmFlowLayout.h; sourceTree = "<group>"; };
		BCC1D3991DDEA69C00567EB1 /* MYFilmFlowLayout.m */ = {isa = PBXFileReference; fileEncoding = 4; lastKnownFileType = sourcecode.c.objc; path = MYFilmFlowLayout.m; sourceTree = "<group>"; };
		BCC1D39C1DDEA8AA00567EB1 /* MYFileCollectionCell.h */ = {isa = PBXFileReference; fileEncoding = 4; lastKnownFileType = sourcecode.c.h; path = MYFileCollectionCell.h; sourceTree = "<group>"; };
		BCC1D39D1DDEA8AA00567EB1 /* MYFileCollectionCell.m */ = {isa = PBXFileReference; fileEncoding = 4; lastKnownFileType = sourcecode.c.objc; path = MYFileCollectionCell.m; sourceTree = "<group>"; };
		BCC1D39F1DDEA98F00567EB1 /* MYFileCollectionCell.xib */ = {isa = PBXFileReference; fileEncoding = 4; lastKnownFileType = file.xib; path = MYFileCollectionCell.xib; sourceTree = "<group>"; };
		BCC1D3A71DE2C67E00567EB1 /* MYFileCollectionView.h */ = {isa = PBXFileReference; fileEncoding = 4; lastKnownFileType = sourcecode.c.h; path = MYFileCollectionView.h; sourceTree = "<group>"; };
		BCC1D3A81DE2C67E00567EB1 /* MYFileCollectionView.m */ = {isa = PBXFileReference; fileEncoding = 4; lastKnownFileType = sourcecode.c.objc; path = MYFileCollectionView.m; sourceTree = "<group>"; };
/* End PBXFileReference section */

/* Begin PBXFrameworksBuildPhase section */
		BCC1D3561DDEA51E00567EB1 /* Frameworks */ = {
			isa = PBXFrameworksBuildPhase;
			buildActionMask = 2147483647;
			files = (
			);
			runOnlyForDeploymentPostprocessing = 0;
		};
		BCC1D36F1DDEA51E00567EB1 /* Frameworks */ = {
			isa = PBXFrameworksBuildPhase;
			buildActionMask = 2147483647;
			files = (
			);
			runOnlyForDeploymentPostprocessing = 0;
		};
		BCC1D37A1DDEA51E00567EB1 /* Frameworks */ = {
			isa = PBXFrameworksBuildPhase;
			buildActionMask = 2147483647;
			files = (
			);
			runOnlyForDeploymentPostprocessing = 0;
		};
/* End PBXFrameworksBuildPhase section */

/* Begin PBXGroup section */
		BCC1D3501DDEA51E00567EB1 = {
			isa = PBXGroup;
			children = (
				BCC1D35B1DDEA51E00567EB1 /* 影票旋转木马框架 */,
				BCC1D3751DDEA51E00567EB1 /* 影票旋转木马框架Tests */,
				BCC1D3801DDEA51E00567EB1 /* 影票旋转木马框架UITests */,
				BCC1D35A1DDEA51E00567EB1 /* Products */,
			);
			sourceTree = "<group>";
		};
		BCC1D35A1DDEA51E00567EB1 /* Products */ = {
			isa = PBXGroup;
			children = (
				BCC1D3591DDEA51E00567EB1 /* 影票旋转木马框架.app */,
				BCC1D3721DDEA51E00567EB1 /* 影票旋转木马框架Tests.xctest */,
				BCC1D37D1DDEA51E00567EB1 /* 影票旋转木马框架UITests.xctest */,
			);
			name = Products;
			sourceTree = "<group>";
		};
		BCC1D35B1DDEA51E00567EB1 /* 影票旋转木马框架 */ = {
			isa = PBXGroup;
			children = (
				BCC1D3951DDEA69C00567EB1 /* MYFilmCarrouselView */,
				BCC1D35F1DDEA51E00567EB1 /* AppDelegate.h */,
				BCC1D3601DDEA51E00567EB1 /* AppDelegate.m */,
				BCC1D3621DDEA51E00567EB1 /* ViewController.h */,
				BCC1D3631DDEA51E00567EB1 /* ViewController.m */,
				BCC1D3651DDEA51E00567EB1 /* Main.storyboard */,
				BCC1D3681DDEA51E00567EB1 /* Assets.xcassets */,
				BCC1D36A1DDEA51E00567EB1 /* LaunchScreen.storyboard */,
				BCC1D36D1DDEA51E00567EB1 /* Info.plist */,
				BCC1D35C1DDEA51E00567EB1 /* Supporting Files */,
			);
			path = "影票旋转木马框架";
			sourceTree = "<group>";
		};
		BCC1D35C1DDEA51E00567EB1 /* Supporting Files */ = {
			isa = PBXGroup;
			children = (
				BCC1D35D1DDEA51E00567EB1 /* main.m */,
			);
			name = "Supporting Files";
			sourceTree = "<group>";
		};
		BCC1D3751DDEA51E00567EB1 /* 影票旋转木马框架Tests */ = {
			isa = PBXGroup;
			children = (
				BCC1D3761DDEA51E00567EB1 /* ________Tests.m */,
				BCC1D3781DDEA51E00567EB1 /* Info.plist */,
			);
			path = "影票旋转木马框架Tests";
			sourceTree = "<group>";
		};
		BCC1D3801DDEA51E00567EB1 /* 影票旋转木马框架UITests */ = {
			isa = PBXGroup;
			children = (
				BCC1D3811DDEA51E00567EB1 /* ________UITests.m */,
				BCC1D3831DDEA51E00567EB1 /* Info.plist */,
			);
			path = "影票旋转木马框架UITests";
			sourceTree = "<group>";
		};
		BCC1D3951DDEA69C00567EB1 /* MYFilmCarrouselView */ = {
			isa = PBXGroup;
			children = (
				BCC1D3981DDEA69C00567EB1 /* MYFilmFlowLayout.h */,
				BCC1D3991DDEA69C00567EB1 /* MYFilmFlowLayout.m */,
				BCC1D39C1DDEA8AA00567EB1 /* MYFileCollectionCell.h */,
				BCC1D39D1DDEA8AA00567EB1 /* MYFileCollectionCell.m */,
				BCC1D39F1DDEA98F00567EB1 /* MYFileCollectionCell.xib */,
				BCC1D3A71DE2C67E00567EB1 /* MYFileCollectionView.h */,
				BCC1D3A81DE2C67E00567EB1 /* MYFileCollectionView.m */,
			);
			path = MYFilmCarrouselView;
			sourceTree = "<group>";
		};
/* End PBXGroup section */

/* Begin PBXNativeTarget section */
		BCC1D3581DDEA51E00567EB1 /* 影票旋转木马框架 */ = {
			isa = PBXNativeTarget;
			buildConfigurationList = BCC1D3861DDEA51E00567EB1 /* Build configuration list for PBXNativeTarget "影票旋转木马框架" */;
			buildPhases = (
				BCC1D3551DDEA51E00567EB1 /* Sources */,
				BCC1D3561DDEA51E00567EB1 /* Frameworks */,
				BCC1D3571DDEA51E00567EB1 /* Resources */,
			);
			buildRules = (
			);
			dependencies = (
			);
			name = "影票旋转木马框架";
			productName = "影票旋转木马框架";
			productReference = BCC1D3591DDEA51E00567EB1 /* 影票旋转木马框架.app */;
			productType = "com.apple.product-type.application";
		};
		BCC1D3711DDEA51E00567EB1 /* 影票旋转木马框架Tests */ = {
			isa = PBXNativeTarget;
			buildConfigurationList = BCC1D3891DDEA51E00567EB1 /* Build configuration list for PBXNativeTarget "影票旋转木马框架Tests" */;
			buildPhases = (
				BCC1D36E1DDEA51E00567EB1 /* Sources */,
				BCC1D36F1DDEA51E00567EB1 /* Frameworks */,
				BCC1D3701DDEA51E00567EB1 /* Resources */,
			);
			buildRules = (
			);
			dependencies = (
				BCC1D3741DDEA51E00567EB1 /* PBXTargetDependency */,
			);
			name = "影票旋转木马框架Tests";
			productName = "影票旋转木马框架Tests";
			productReference = BCC1D3721DDEA51E00567EB1 /* 影票旋转木马框架Tests.xctest */;
			productType = "com.apple.product-type.bundle.unit-test";
		};
		BCC1D37C1DDEA51E00567EB1 /* 影票旋转木马框架UITests */ = {
			isa = PBXNativeTarget;
			buildConfigurationList = BCC1D38C1DDEA51E00567EB1 /* Build configuration list for PBXNativeTarget "影票旋转木马框架UITests" */;
			buildPhases = (
				BCC1D3791DDEA51E00567EB1 /* Sources */,
				BCC1D37A1DDEA51E00567EB1 /* Frameworks */,
				BCC1D37B1DDEA51E00567EB1 /* Resources */,
			);
			buildRules = (
			);
			dependencies = (
				BCC1D37F1DDEA51E00567EB1 /* PBXTargetDependency */,
			);
			name = "影票旋转木马框架UITests";
			productName = "影票旋转木马框架UITests";
			productReference = BCC1D37D1DDEA51E00567EB1 /* 影票旋转木马框架UITests.xctest */;
			productType = "com.apple.product-type.bundle.ui-testing";
		};
/* End PBXNativeTarget section */

/* Begin PBXProject section */
		BCC1D3511DDEA51E00567EB1 /* Project object */ = {
			isa = PBXProject;
			attributes = {
				LastUpgradeCheck = 0810;
				ORGANIZATIONNAME = mayan;
				TargetAttributes = {
					BCC1D3581DDEA51E00567EB1 = {
						CreatedOnToolsVersion = 8.1;
						DevelopmentTeam = 3XV67K57RF;
						ProvisioningStyle = Automatic;
					};
					BCC1D3711DDEA51E00567EB1 = {
						CreatedOnToolsVersion = 8.1;
						ProvisioningStyle = Automatic;
						TestTargetID = BCC1D3581DDEA51E00567EB1;
					};
					BCC1D37C1DDEA51E00567EB1 = {
						CreatedOnToolsVersion = 8.1;
						ProvisioningStyle = Automatic;
						TestTargetID = BCC1D3581DDEA51E00567EB1;
					};
				};
			};
			buildConfigurationList = BCC1D3541DDEA51E00567EB1 /* Build configuration list for PBXProject "影票旋转木马框架" */;
			compatibilityVersion = "Xcode 3.2";
			developmentRegion = English;
			hasScannedForEncodings = 0;
			knownRegions = (
				en,
				Base,
			);
			mainGroup = BCC1D3501DDEA51E00567EB1;
			productRefGroup = BCC1D35A1DDEA51E00567EB1 /* Products */;
			projectDirPath = "";
			projectRoot = "";
			targets = (
				BCC1D3581DDEA51E00567EB1 /* 影票旋转木马框架 */,
				BCC1D3711DDEA51E00567EB1 /* 影票旋转木马框架Tests */,
				BCC1D37C1DDEA51E00567EB1 /* 影票旋转木马框架UITests */,
			);
		};
/* End PBXProject section */

/* Begin PBXResourcesBuildPhase section */
		BCC1D3571DDEA51E00567EB1 /* Resources */ = {
			isa = PBXResourcesBuildPhase;
			buildActionMask = 2147483647;
			files = (
				BCC1D36C1DDEA51E00567EB1 /* LaunchScreen.storyboard in Resources */,
				BCC1D3691DDEA51E00567EB1 /* Assets.xcassets in Resources */,
				BCC1D3671DDEA51E00567EB1 /* Main.storyboard in Resources */,
				BCC1D3A01DDEA98F00567EB1 /* MYFileCollectionCell.xib in Resources */,
			);
			runOnlyForDeploymentPostprocessing = 0;
		};
		BCC1D3701DDEA51E00567EB1 /* Resources */ = {
			isa = PBXResourcesBuildPhase;
			buildActionMask = 2147483647;
			files = (
			);
			runOnlyForDeploymentPostprocessing = 0;
		};
		BCC1D37B1DDEA51E00567EB1 /* Resources */ = {
			isa = PBXResourcesBuildPhase;
			buildActionMask = 2147483647;
			files = (
			);
			runOnlyForDeploymentPostprocessing = 0;
		};
/* End PBXResourcesBuildPhase section */

/* Begin PBXSourcesBuildPhase section */
		BCC1D3551DDEA51E00567EB1 /* Sources */ = {
			isa = PBXSourcesBuildPhase;
			buildActionMask = 2147483647;
			files = (
				BCC1D3641DDEA51E00567EB1 /* ViewController.m in Sources */,
				BCC1D39E1DDEA8AA00567EB1 /* MYFileCollectionCell.m in Sources */,
				BCC1D3A91DE2C67E00567EB1 /* MYFileCollectionView.m in Sources */,
				BCC1D3611DDEA51E00567EB1 /* AppDelegate.m in Sources */,
				BCC1D39B1DDEA69C00567EB1 /* MYFilmFlowLayout.m in Sources */,
				BCC1D35E1DDEA51E00567EB1 /* main.m in Sources */,
			);
			runOnlyForDeploymentPostprocessing = 0;
		};
		BCC1D36E1DDEA51E00567EB1 /* Sources */ = {
			isa = PBXSourcesBuildPhase;
			buildActionMask = 2147483647;
			files = (
				BCC1D3771DDEA51E00567EB1 /* ________Tests.m in Sources */,
			);
			runOnlyForDeploymentPostprocessing = 0;
		};
		BCC1D3791DDEA51E00567EB1 /* Sources */ = {
			isa = PBXSourcesBuildPhase;
			buildActionMask = 2147483647;
			files = (
				BCC1D3821DDEA51E00567EB1 /* ________UITests.m in Sources */,
			);
			runOnlyForDeploymentPostprocessing = 0;
		};
/* End PBXSourcesBuildPhase section */

/* Begin PBXTargetDependency section */
		BCC1D3741DDEA51E00567EB1 /* PBXTargetDependency */ = {
			isa = PBXTargetDependency;
			target = BCC1D3581DDEA51E00567EB1 /* 影票旋转木马框架 */;
			targetProxy = BCC1D3731DDEA51E00567EB1 /* PBXContainerItemProxy */;
		};
		BCC1D37F1DDEA51E00567EB1 /* PBXTargetDependency */ = {
			isa = PBXTargetDependency;
			target = BCC1D3581DDEA51E00567EB1 /* 影票旋转木马框架 */;
			targetProxy = BCC1D37E1DDEA51E00567EB1 /* PBXContainerItemProxy */;
		};
/* End PBXTargetDependency section */

/* Begin PBXVariantGroup section */
		BCC1D3651DDEA51E00567EB1 /* Main.storyboard */ = {
			isa = PBXVariantGroup;
			children = (
				BCC1D3661DDEA51E00567EB1 /* Base */,
			);
			name = Main.storyboard;
			sourceTree = "<group>";
		};
		BCC1D36A1DDEA51E00567EB1 /* LaunchScreen.storyboard */ = {
			isa = PBXVariantGroup;
			children = (
				BCC1D36B1DDEA51E00567EB1 /* Base */,
			);
			name = LaunchScreen.storyboard;
			sourceTree = "<group>";
		};
/* End PBXVariantGroup section */

/* Begin XCBuildConfiguration section */
		BCC1D3841DDEA51E00567EB1 /* Debug */ = {
			isa = XCBuildConfiguration;
			buildSettings = {
				ALWAYS_SEARCH_USER_PATHS = NO;
				CLANG_ANALYZER_NONNULL = YES;
				CLANG_CXX_LANGUAGE_STANDARD = "gnu++0x";
				CLANG_CXX_LIBRARY = "libc++";
				CLANG_ENABLE_MODULES = YES;
				CLANG_ENABLE_OBJC_ARC = YES;
				CLANG_WARN_BOOL_CONVERSION = YES;
				CLANG_WARN_CONSTANT_CONVERSION = YES;
				CLANG_WARN_DIRECT_OBJC_ISA_USAGE = YES_ERROR;
				CLANG_WARN_DOCUMENTATION_COMMENTS = YES;
				CLANG_WARN_EMPTY_BODY = YES;
				CLANG_WARN_ENUM_CONVERSION = YES;
				CLANG_WARN_INFINITE_RECURSION = YES;
				CLANG_WARN_INT_CONVERSION = YES;
				CLANG_WARN_OBJC_ROOT_CLASS = YES_ERROR;
				CLANG_WARN_SUSPICIOUS_MOVES = YES;
				CLANG_WARN_UNREACHABLE_CODE = YES;
				CLANG_WARN__DUPLICATE_METHOD_MATCH = YES;
				"CODE_SIGN_IDENTITY[sdk=iphoneos*]" = "iPhone Developer";
				COPY_PHASE_STRIP = NO;
				DEBUG_INFORMATION_FORMAT = dwarf;
				ENABLE_STRICT_OBJC_MSGSEND = YES;
				ENABLE_TESTABILITY = YES;
				GCC_C_LANGUAGE_STANDARD = gnu99;
				GCC_DYNAMIC_NO_PIC = NO;
				GCC_NO_COMMON_BLOCKS = YES;
				GCC_OPTIMIZATION_LEVEL = 0;
				GCC_PREPROCESSOR_DEFINITIONS = (
					"DEBUG=1",
					"$(inherited)",
				);
				GCC_WARN_64_TO_32_BIT_CONVERSION = YES;
				GCC_WARN_ABOUT_RETURN_TYPE = YES_ERROR;
				GCC_WARN_UNDECLARED_SELECTOR = YES;
				GCC_WARN_UNINITIALIZED_AUTOS = YES_AGGRESSIVE;
				GCC_WARN_UNUSED_FUNCTION = YES;
				GCC_WARN_UNUSED_VARIABLE = YES;
				IPHONEOS_DEPLOYMENT_TARGET = 10.1;
				MTL_ENABLE_DEBUG_INFO = YES;
				ONLY_ACTIVE_ARCH = YES;
				SDKROOT = iphoneos;
			};
			name = Debug;
		};
		BCC1D3851DDEA51E00567EB1 /* Release */ = {
			isa = XCBuildConfiguration;
			buildSettings = {
				ALWAYS_SEARCH_USER_PATHS = NO;
				CLANG_ANALYZER_NONNULL = YES;
				CLANG_CXX_LANGUAGE_STANDARD = "gnu++0x";
				CLANG_CXX_LIBRARY = "libc++";
				CLANG_ENABLE_MODULES = YES;
				CLANG_ENABLE_OBJC_ARC = YES;
				CLANG_WARN_BOOL_CONVERSION = YES;
				CLANG_WARN_CONSTANT_CONVERSION = YES;
				CLANG_WARN_DIRECT_OBJC_ISA_USAGE = YES_ERROR;
				CLANG_WARN_DOCUMENTATION_COMMENTS = YES;
				CLANG_WARN_EMPTY_BODY = YES;
				CLANG_WARN_ENUM_CONVERSION = YES;
				CLANG_WARN_INFINITE_RECURSION = YES;
				CLANG_WARN_INT_CONVERSION = YES;
				CLANG_WARN_OBJC_ROOT_CLASS = YES_ERROR;
				CLANG_WARN_SUSPICIOUS_MOVES = YES;
				CLANG_WARN_UNREACHABLE_CODE = YES;
				CLANG_WARN__DUPLICATE_METHOD_MATCH = YES;
				"CODE_SIGN_IDENTITY[sdk=iphoneos*]" = "iPhone Developer";
				COPY_PHASE_STRIP = NO;
				DEBUG_INFORMATION_FORMAT = "dwarf-with-dsym";
				ENABLE_NS_ASSERTIONS = NO;
				ENABLE_STRICT_OBJC_MSGSEND = YES;
				GCC_C_LANGUAGE_STANDARD = gnu99;
				GCC_NO_COMMON_BLOCKS = YES;
				GCC_WARN_64_TO_32_BIT_CONVERSION = YES;
				GCC_WARN_ABOUT_RETURN_TYPE = YES_ERROR;
				GCC_WARN_UNDECLARED_SELECTOR = YES;
				GCC_WARN_UNINITIALIZED_AUTOS = YES_AGGRESSIVE;
				GCC_WARN_UNUSED_FUNCTION = YES;
				GCC_WARN_UNUSED_VARIABLE = YES;
				IPHONEOS_DEPLOYMENT_TARGET = 10.1;
				MTL_ENABLE_DEBUG_INFO = NO;
				SDKROOT = iphoneos;
				VALIDATE_PRODUCT = YES;
			};
			name = Release;
		};
		BCC1D3871DDEA51E00567EB1 /* Debug */ = {
			isa = XCBuildConfiguration;
			buildSettings = {
				ASSETCATALOG_COMPILER_APPICON_NAME = AppIcon;
				DEVELOPMENT_TEAM = 3XV67K57RF;
				INFOPLIST_FILE = "影票旋转木马框架/Info.plist";
				IPHONEOS_DEPLOYMENT_TARGET = 8.0;
				LD_RUNPATH_SEARCH_PATHS = "$(inherited) @executable_path/Frameworks";
				PRODUCT_BUNDLE_IDENTIFIER = "com.mayan.--------";
				PRODUCT_NAME = "$(TARGET_NAME)";
			};
			name = Debug;
		};
		BCC1D3881DDEA51E00567EB1 /* Release */ = {
			isa = XCBuildConfiguration;
			buildSettings = {
				ASSETCATALOG_COMPILER_APPICON_NAME = AppIcon;
				DEVELOPMENT_TEAM = 3XV67K57RF;
				INFOPLIST_FILE = "影票旋转木马框架/Info.plist";
				IPHONEOS_DEPLOYMENT_TARGET = 8.0;
				LD_RUNPATH_SEARCH_PATHS = "$(inherited) @executable_path/Frameworks";
				PRODUCT_BUNDLE_IDENTIFIER = "com.mayan.--------";
				PRODUCT_NAME = "$(TARGET_NAME)";
			};
			name = Release;
		};
		BCC1D38A1DDEA51E00567EB1 /* Debug */ = {
			isa = XCBuildConfiguration;
			buildSettings = {
				BUNDLE_LOADER = "$(TEST_HOST)";
				INFOPLIST_FILE = "影票旋转木马框架Tests/Info.plist";
				LD_RUNPATH_SEARCH_PATHS = "$(inherited) @executable_path/Frameworks @loader_path/Frameworks";
				PRODUCT_BUNDLE_IDENTIFIER = "com.mayan.--------Tests";
				PRODUCT_NAME = "$(TARGET_NAME)";
				TEST_HOST = "$(BUILT_PRODUCTS_DIR)/影票旋转木马框架.app/影票旋转木马框架";
			};
			name = Debug;
		};
		BCC1D38B1DDEA51E00567EB1 /* Release */ = {
			isa = XCBuildConfiguration;
			buildSettings = {
				BUNDLE_LOADER = "$(TEST_HOST)";
				INFOPLIST_FILE = "影票旋转木马框架Tests/Info.plist";
				LD_RUNPATH_SEARCH_PATHS = "$(inherited) @executable_path/Frameworks @loader_path/Frameworks";
				PRODUCT_BUNDLE_IDENTIFIER = "com.mayan.--------Tests";
				PRODUCT_NAME = "$(TARGET_NAME)";
				TEST_HOST = "$(BUILT_PRODUCTS_DIR)/影票旋转木马框架.app/影票旋转木马框架";
			};
			name = Release;
		};
		BCC1D38D1DDEA51E00567EB1 /* Debug */ = {
			isa = XCBuildConfiguration;
			buildSettings = {
				INFOPLIST_FILE = "影票旋转木马框架UITests/Info.plist";
				LD_RUNPATH_SEARCH_PATHS = "$(inherited) @executable_path/Frameworks @loader_path/Frameworks";
				PRODUCT_BUNDLE_IDENTIFIER = "com.mayan.--------UITests";
				PRODUCT_NAME = "$(TARGET_NAME)";
				TEST_TARGET_NAME = "影票旋转木马框架";
			};
			name = Debug;
		};
		BCC1D38E1DDEA51E00567EB1 /* Release */ = {
			isa = XCBuildConfiguration;
			buildSettings = {
				INFOPLIST_FILE = "影票旋转木马框架UITests/Info.plist";
				LD_RUNPATH_SEARCH_PATHS = "$(inherited) @executable_path/Frameworks @loader_path/Frameworks";
				PRODUCT_BUNDLE_IDENTIFIER = "com.mayan.--------UITests";
				PRODUCT_NAME = "$(TARGET_NAME)";
				TEST_TARGET_NAME = "影票旋转木马框架";
			};
			name = Release;
		};
/* End XCBuildConfiguration section */

/* Begin XCConfigurationList section */
		BCC1D3541DDEA51E00567EB1 /* Build configuration list for PBXProject "影票旋转木马框架" */ = {
			isa = XCConfigurationList;
			buildConfigurations = (
				BCC1D3841DDEA51E00567EB1 /* Debug */,
				BCC1D3851DDEA51E00567EB1 /* Release */,
			);
			defaultConfigurationIsVisible = 0;
			defaultConfigurationName = Release;
		};
		BCC1D3861DDEA51E00567EB1 /* Build configuration list for PBXNativeTarget "影票旋转木马框架" */ = {
			isa = XCConfigurationList;
			buildConfigurations = (
				BCC1D3871DDEA51E00567EB1 /* Debug */,
				BCC1D3881DDEA51E00567EB1 /* Release */,
			);
			defaultConfigurationIsVisible = 0;
			defaultConfigurationName = Release;
		};
		BCC1D3891DDEA51E00567EB1 /* Build configuration list for PBXNativeTarget "影票旋转木马框架Tests" */ = {
			isa = XCConfigurationList;
			buildConfigurations = (
				BCC1D38A1DDEA51E00567EB1 /* Debug */,
				BCC1D38B1DDEA51E00567EB1 /* Release */,
			);
			defaultConfigurationIsVisible = 0;
			defaultConfigurationName = Release;
		};
		BCC1D38C1DDEA51E00567EB1 /* Build configuration list for PBXNativeTarget "影票旋转木马框架UITests" */ = {
			isa = XCConfigurationList;
			buildConfigurations = (
				BCC1D38D1DDEA51E00567EB1 /* Debug */,
				BCC1D38E1DDEA51E00567EB1 /* Release */,
			);
			defaultConfigurationIsVisible = 0;
			defaultConfigurationName = Release;
		};
/* End XCConfigurationList section */
	};
	rootObject = BCC1D3511DDEA51E00567EB1 /* Project object */;
}
